PODS:
  - TRULogining (0.1.0):
    - TRUNetworking
  - TRUNetworking (0.1.0)

DEPENDENCIES:
  - TRULogining (from `../`)
  - TRUNetworking (from `../../TRUNetworking`)

EXTERNAL SOURCES:
  TRULogining:
    :path: "../"
  TRUNetworking:
    :path: "../../TRUNetworking"

SPEC CHECKSUMS:
  TRULogining: 745a367a99aee7ddd83825e1ed79afda249a57ab
  TRUNetworking: d23dbd19ac6d4ceaf35659bdfab9ec476b6dca98

PODFILE CHECKSUM: 02e65e049e76025c756f8397f91899cdbb09869a

COCOAPODS: 1.9.2
